
Microsoft Visual Studio Solution File, Format Version 12.00
# Visual Studio Version 17
VisualStudioVersion = 17.5.002.0
MinimumVisualStudioVersion = 10.0.40219.1
Project("{9A19103F-16F7-4668-BE54-9A1E7A4F7556}") = "SolveBOJ", "SolveBOJ.csproj", "{E8E0779C-C007-45A8-A930-F8B4E91FFA1E}"
EndProject
Global
	GlobalSection(SolutionConfigurationPlatforms) = preSolution
		Debug|Any CPU = Debug|Any CPU
		Release|Any CPU = Release|Any CPU
	EndGlobalSection
	GlobalSection(ProjectConfigurationPlatforms) = postSolution
		{E8E0779C-C007-45A8-A930-F8B4E91FFA1E}.Debug|Any CPU.ActiveCfg = Debug|Any CPU
		{E8E0779C-C007-45A8-A930-F8B4E91FFA1E}.Debug|Any CPU.Build.0 = Debug|Any CPU
		{E8E0779C-C007-45A8-A930-F8B4E91FFA1E}.Release|Any CPU.ActiveCfg = Release|Any CPU
		{E8E0779C-C007-45A8-A930-F8B4E91FFA1E}.Release|Any CPU.Build.0 = Release|Any CPU
	EndGlobalSection
	GlobalSection(SolutionProperties) = preSolution
		HideSolutionNode = FALSE
	EndGlobalSection
	GlobalSection(ExtensibilityGlobals) = postSolution
		SolutionGuid = {9B3AF1F9-C12C-4422-A1F1-2991D7339991}
	EndGlobalSection
EndGlobal
